// !$*UTF8*$!
{
	archiveVersion = 1;
	classes = {
	};
	objectVersion = 46;
	objects = {

/* Begin PBXBuildFile section */
		EFFE05D71C408E0A00D646F8 /* main.m in Sources */ = {isa = PBXBuildFile; fileRef = EFFE05D61C408E0A00D646F8 /* main.m */; };
		EFFE05DA1C408E0A00D646F8 /* AppDelegate.m in Sources */ = {isa = PBXBuildFile; fileRef = EFFE05D91C408E0A00D646F8 /* AppDelegate.m */; };
		EFFE05DD1C408E0A00D646F8 /* ViewController.m in Sources */ = {isa = PBXBuildFile; fileRef = EFFE05DC1C408E0A00D646F8 /* ViewController.m */; };
		EFFE05E01C408E0A00D646F8 /* Main.storyboard in Resources */ = {isa = PBXBuildFile; fileRef = EFFE05DE1C408E0A00D646F8 /* Main.storyboard */; };
		EFFE05E21C408E0A00D646F8 /* Assets.xcassets in Resources */ = {isa = PBXBuildFile; fileRef = EFFE05E11C408E0A00D646F8 /* Assets.xcassets */; };
		EFFE05E51C408E0A00D646F8 /* LaunchScreen.storyboard in Resources */ = {isa = PBXBuildFile; fileRef = EFFE05E31C408E0A00D646F8 /* LaunchScreen.storyboard */; };
		EFFE05F01C408E0A00D646F8 /* Scroll_testTests.m in Sources */ = {isa = PBXBuildFile; fileRef = EFFE05EF1C408E0A00D646F8 /* Scroll_testTests.m */; };
		EFFE05FB1C408E0A00D646F8 /* Scroll_testUITests.m in Sources */ = {isa = PBXBuildFile; fileRef = EFFE05FA1C408E0A00D646F8 /* Scroll_testUITests.m */; };
		EFFE060A1C408F3D00D646F8 /* SecondViewController.m in Sources */ = {isa = PBXBuildFile; fileRef = EFFE06091C408F3D00D646F8 /* SecondViewController.m */; };
		EFFE060D1C408F6500D646F8 /* DIYScrollView.m in Sources */ = {isa = PBXBuildFile; fileRef = EFFE060C1C408F6500D646F8 /* DIYScrollView.m */; };
		EFFE06131C409C8500D646F8 /* 4.jpg in Resources */ = {isa = PBXBuildFile; fileRef = EFFE060F1C409C8500D646F8 /* 4.jpg */; };
		EFFE06141C409C8500D646F8 /* 5.jpg in Resources */ = {isa = PBXBuildFile; fileRef = EFFE06101C409C8500D646F8 /* 5.jpg */; };
		EFFE06151C409C8500D646F8 /* 6.jpg in Resources */ = {isa = PBXBuildFile; fileRef = EFFE06111C409C8500D646F8 /* 6.jpg */; };
		EFFE06161C409C8500D646F8 /* 7.jpg in Resources */ = {isa = PBXBuildFile; fileRef = EFFE06121C409C8500D646F8 /* 7.jpg */; };
/* End PBXBuildFile section */

/* Begin PBXContainerItemProxy section */
		EFFE05EC1C408E0A00D646F8 /* PBXContainerItemProxy */ = {
			isa = PBXContainerItemProxy;
			containerPortal = EFFE05CA1C408E0A00D646F8 /* Project object */;
			proxyType = 1;
			remoteGlobalIDString = EFFE05D11C408E0A00D646F8;
			remoteInfo = Scroll_test;
		};
		EFFE05F71C408E0A00D646F8 /* PBXContainerItemProxy */ = {
			isa = PBXContainerItemProxy;
			containerPortal = EFFE05CA1C408E0A00D646F8 /* Project object */;
			proxyType = 1;
			remoteGlobalIDString = EFFE05D11C408E0A00D646F8;
			remoteInfo = Scroll_test;
		};
/* End PBXContainerItemProxy section */

/* Begin PBXFileReference section */
		EFFE05D21C408E0A00D646F8 /* Scroll_test.app */ = {isa = PBXFileReference; explicitFileType = wrapper.application; includeInIndex = 0; path = Scroll_test.app; sourceTree = BUILT_PRODUCTS_DIR; };
		EFFE05D61C408E0A00D646F8 /* main.m */ = {isa = PBXFileReference; lastKnownFileType = sourcecode.c.objc; path = main.m; sourceTree = "<group>"; };
		EFFE05D81C408E0A00D646F8 /* AppDelegate.h */ = {isa = PBXFileReference; lastKnownFileType = sourcecode.c.h; path = AppDelegate.h; sourceTree = "<group>"; };
		EFFE05D91C408E0A00D646F8 /* AppDelegate.m */ = {isa = PBXFileReference; lastKnownFileType = sourcecode.c.objc; path = AppDelegate.m; sourceTree = "<group>"; };
		EFFE05DB1C408E0A00D646F8 /* ViewController.h */ = {isa = PBXFileReference; lastKnownFileType = sourcecode.c.h; path = ViewController.h; sourceTree = "<group>"; };
		EFFE05DC1C408E0A00D646F8 /* ViewController.m */ = {isa = PBXFileReference; lastKnownFileType = sourcecode.c.objc; path = ViewController.m; sourceTree = "<group>"; };
		EFFE05DF1C408E0A00D646F8 /* Base */ = {isa = PBXFileReference; lastKnownFileType = file.storyboard; name = Base; path = Base.lproj/Main.storyboard; sourceTree = "<group>"; };
		EFFE05E11C408E0A00D646F8 /* Assets.xcassets */ = {isa = PBXFileReference; lastKnownFileType = folder.assetcatalog; path = Assets.xcassets; sourceTree = "<group>"; };
		EFFE05E41C408E0A00D646F8 /* Base */ = {isa = PBXFileReference; lastKnownFileType = file.storyboard; name = Base; path = Base.lproj/LaunchScreen.storyboard; sourceTree = "<group>"; };
		EFFE05E61C408E0A00D646F8 /* Info.plist */ = {isa = PBXFileReference; lastKnownFileType = text.plist.xml; path = Info.plist; sourceTree = "<group>"; };
		EFFE05EB1C408E0A00D646F8 /* Scroll_testTests.xctest */ = {isa = PBXFileReference; explicitFileType = wrapper.cfbundle; includeInIndex = 0; path = Scroll_testTests.xctest; sourceTree = BUILT_PRODUCTS_DIR; };
		EFFE05EF1C408E0A00D646F8 /* Scroll_testTests.m */ = {isa = PBXFileReference; lastKnownFileType = sourcecode.c.objc; path = Scroll_testTests.m; sourceTree = "<group>"; };
		EFFE05F11C408E0A00D646F8 /* Info.plist */ = {isa = PBXFileReference; lastKnownFileType = text.plist.xml; path = Info.plist; sourceTree = "<group>"; };
		EFFE05F61C408E0A00D646F8 /* Scroll_testUITests.xctest */ = {isa = PBXFileReference; explicitFileType = wrapper.cfbundle; includeInIndex = 0; path = Scroll_testUITests.xctest; sourceTree = BUILT_PRODUCTS_DIR; };
		EFFE05FA1C408E0A00D646F8 /* Scroll_testUITests.m */ = {isa = PBXFileReference; lastKnownFileType = sourcecode.c.objc; path = Scroll_testUITests.m; sourceTree = "<group>"; };
		EFFE05FC1C408E0A00D646F8 /* Info.plist */ = {isa = PBXFileReference; lastKnownFileType = text.plist.xml; path = Info.plist; sourceTree = "<group>"; };
		EFFE06081C408F3D00D646F8 /* SecondViewController.h */ = {isa = PBXFileReference; fileEncoding = 4; lastKnownFileType = sourcecode.c.h; path = SecondViewController.h; sourceTree = "<group>"; };
		EFFE06091C408F3D00D646F8 /* SecondViewController.m */ = {isa = PBXFileReference; fileEncoding = 4; lastKnownFileType = sourcecode.c.objc; path = SecondViewController.m; sourceTree = "<group>"; };
		EFFE060B1C408F6500D646F8 /* DIYScrollView.h */ = {isa = PBXFileReference; fileEncoding = 4; lastKnownFileType = sourcecode.c.h; path = DIYScrollView.h; sourceTree = "<group>"; };
		EFFE060C1C408F6500D646F8 /* DIYScrollView.m */ = {isa = PBXFileReference; fileEncoding = 4; lastKnownFileType = sourcecode.c.objc; path = DIYScrollView.m; sourceTree = "<group>"; };
		EFFE060F1C409C8500D646F8 /* 4.jpg */ = {isa = PBXFileReference; lastKnownFileType = image.jpeg; path = 4.jpg; sourceTree = "<group>"; };
		EFFE06101C409C8500D646F8 /* 5.jpg */ = {isa = PBXFileReference; lastKnownFileType = image.jpeg; path = 5.jpg; sourceTree = "<group>"; };
		EFFE06111C409C8500D646F8 /* 6.jpg */ = {isa = PBXFileReference; lastKnownFileType = image.jpeg; path = 6.jpg; sourceTree = "<group>"; };
		EFFE06121C409C8500D646F8 /* 7.jpg */ = {isa = PBXFileReference; lastKnownFileType = image.jpeg; path = 7.jpg; sourceTree = "<group>"; };
/* End PBXFileReference section */

/* Begin PBXFrameworksBuildPhase section */
		EFFE05CF1C408E0A00D646F8 /* Frameworks */ = {
			isa = PBXFrameworksBuildPhase;
			buildActionMask = 2147483647;
			files = (
			);
			runOnlyForDeploymentPostprocessing = 0;
		};
		EFFE05E81C408E0A00D646F8 /* Frameworks */ = {
			isa = PBXFrameworksBuildPhase;
			buildActionMask = 2147483647;
			files = (
			);
			runOnlyForDeploymentPostprocessing = 0;
		};
		EFFE05F31C408E0A00D646F8 /* Frameworks */ = {
			isa = PBXFrameworksBuildPhase;
			buildActionMask = 2147483647;
			files = (
			);
			runOnlyForDeploymentPostprocessing = 0;
		};
/* End PBXFrameworksBuildPhase section */

/* Begin PBXGroup section */
		EFFE05C91C408E0A00D646F8 = {
			isa = PBXGroup;
			children = (
				EFFE05D41C408E0A00D646F8 /* Scroll_test */,
				EFFE05EE1C408E0A00D646F8 /* Scroll_testTests */,
				EFFE05F91C408E0A00D646F8 /* Scroll_testUITests */,
				EFFE05D31C408E0A00D646F8 /* Products */,
			);
			sourceTree = "<group>";
		};
		EFFE05D31C408E0A00D646F8 /* Products */ = {
			isa = PBXGroup;
			children = (
				EFFE05D21C408E0A00D646F8 /* Scroll_test.app */,
				EFFE05EB1C408E0A00D646F8 /* Scroll_testTests.xctest */,
				EFFE05F61C408E0A00D646F8 /* Scroll_testUITests.xctest */,
			);
			name = Products;
			sourceTree = "<group>";
		};
		EFFE05D41C408E0A00D646F8 /* Scroll_test */ = {
			isa = PBXGroup;
			children = (
				EFFE05D81C408E0A00D646F8 /* AppDelegate.h */,
				EFFE05D91C408E0A00D646F8 /* AppDelegate.m */,
				EFFE05DB1C408E0A00D646F8 /* ViewController.h */,
				EFFE05DC1C408E0A00D646F8 /* ViewController.m */,
				EFFE06081C408F3D00D646F8 /* SecondViewController.h */,
				EFFE06091C408F3D00D646F8 /* SecondViewController.m */,
				EFFE060B1C408F6500D646F8 /* DIYScrollView.h */,
				EFFE060C1C408F6500D646F8 /* DIYScrollView.m */,
				EFFE060E1C409C8500D646F8 /* images */,
				EFFE05DE1C408E0A00D646F8 /* Main.storyboard */,
				EFFE05E11C408E0A00D646F8 /* Assets.xcassets */,
				EFFE05E31C408E0A00D646F8 /* LaunchScreen.storyboard */,
				EFFE05E61C408E0A00D646F8 /* Info.plist */,
				EFFE05D51C408E0A00D646F8 /* Supporting Files */,
			);
			path = Scroll_test;
			sourceTree = "<group>";
		};
		EFFE05D51C408E0A00D646F8 /* Supporting Files */ = {
			isa = PBXGroup;
			children = (
				EFFE05D61C408E0A00D646F8 /* main.m */,
			);
			name = "Supporting Files";
			sourceTree = "<group>";
		};
		EFFE05EE1C408E0A00D646F8 /* Scroll_testTests */ = {
			isa = PBXGroup;
			children = (
				EFFE05EF1C408E0A00D646F8 /* Scroll_testTests.m */,
				EFFE05F11C408E0A00D646F8 /* Info.plist */,
			);
			path = Scroll_testTests;
			sourceTree = "<group>";
		};
		EFFE05F91C408E0A00D646F8 /* Scroll_testUITests */ = {
			isa = PBXGroup;
			children = (
				EFFE05FA1C408E0A00D646F8 /* Scroll_testUITests.m */,
				EFFE05FC1C408E0A00D646F8 /* Info.plist */,
			);
			path = Scroll_testUITests;
			sourceTree = "<group>";
		};
		EFFE060E1C409C8500D646F8 /* images */ = {
			isa = PBXGroup;
			children = (
				EFFE060F1C409C8500D646F8 /* 4.jpg */,
				EFFE06101C409C8500D646F8 /* 5.jpg */,
				EFFE06111C409C8500D646F8 /* 6.jpg */,
				EFFE06121C409C8500D646F8 /* 7.jpg */,
			);
			path = images;
			sourceTree = "<group>";
		};
/* End PBXGroup section */

/* Begin PBXNativeTarget section */
		EFFE05D11C408E0A00D646F8 /* Scroll_test */ = {
			isa = PBXNativeTarget;
			buildConfigurationList = EFFE05FF1C408E0A00D646F8 /* Build configuration list for PBXNativeTarget "Scroll_test" */;
			buildPhases = (
				EFFE05CE1C408E0A00D646F8 /* Sources */,
				EFFE05CF1C408E0A00D646F8 /* Frameworks */,
				EFFE05D01C408E0A00D646F8 /* Resources */,
			);
			buildRules = (
			);
			dependencies = (
			);
			name = Scroll_test;
			productName = Scroll_test;
			productReference = EFFE05D21C408E0A00D646F8 /* Scroll_test.app */;
			productType = "com.apple.product-type.application";
		};
		EFFE05EA1C408E0A00D646F8 /* Scroll_testTests */ = {
			isa = PBXNativeTarget;
			buildConfigurationList = EFFE06021C408E0A00D646F8 /* Build configuration list for PBXNativeTarget "Scroll_testTests" */;
			buildPhases = (
				EFFE05E71C408E0A00D646F8 /* Sources */,
				EFFE05E81C408E0A00D646F8 /* Frameworks */,
				EFFE05E91C408E0A00D646F8 /* Resources */,
			);
			buildRules = (
			);
			dependencies = (
				EFFE05ED1C408E0A00D646F8 /* PBXTargetDependency */,
			);
			name = Scroll_testTests;
			productName = Scroll_testTests;
			productReference = EFFE05EB1C408E0A00D646F8 /* Scroll_testTests.xctest */;
			productType = "com.apple.product-type.bundle.unit-test";
		};
		EFFE05F51C408E0A00D646F8 /* Scroll_testUITests */ = {
			isa = PBXNativeTarget;
			buildConfigurationList = EFFE06051C408E0A00D646F8 /* Build configuration list for PBXNativeTarget "Scroll_testUITests" */;
			buildPhases = (
				EFFE05F21C408E0A00D646F8 /* Sources */,
				EFFE05F31C408E0A00D646F8 /* Frameworks */,
				EFFE05F41C408E0A00D646F8 /* Resources */,
			);
			buildRules = (
			);
			dependencies = (
				EFFE05F81C408E0A00D646F8 /* PBXTargetDependency */,
			);
			name = Scroll_testUITests;
			productName = Scroll_testUITests;
			productReference = EFFE05F61C408E0A00D646F8 /* Scroll_testUITests.xctest */;
			productType = "com.apple.product-type.bundle.ui-testing";
		};
/* End PBXNativeTarget section */

/* Begin PBXProject section */
		EFFE05CA1C408E0A00D646F8 /* Project object */ = {
			isa = PBXProject;
			attributes = {
				LastUpgradeCheck = 0720;
				ORGANIZATIONNAME = wangliang;
				TargetAttributes = {
					EFFE05D11C408E0A00D646F8 = {
						CreatedOnToolsVersion = 7.2;
						DevelopmentTeam = TWS58MTPGY;
					};
					EFFE05EA1C408E0A00D646F8 = {
						CreatedOnToolsVersion = 7.2;
						DevelopmentTeam = TWS58MTPGY;
						TestTargetID = EFFE05D11C408E0A00D646F8;
					};
					EFFE05F51C408E0A00D646F8 = {
						CreatedOnToolsVersion = 7.2;
						DevelopmentTeam = TWS58MTPGY;
						TestTargetID = EFFE05D11C408E0A00D646F8;
					};
				};
			};
			buildConfigurationList = EFFE05CD1C408E0A00D646F8 /* Build configuration list for PBXProject "Scroll_test" */;
			compatibilityVersion = "Xcode 3.2";
			developmentRegion = English;
			hasScannedForEncodings = 0;
			knownRegions = (
				en,
				Base,
			);
			mainGroup = EFFE05C91C408E0A00D646F8;
			productRefGroup = EFFE05D31C408E0A00D646F8 /* Products */;
			projectDirPath = "";
			projectRoot = "";
			targets = (
				EFFE05D11C408E0A00D646F8 /* Scroll_test */,
				EFFE05EA1C408E0A00D646F8 /* Scroll_testTests */,
				EFFE05F51C408E0A00D646F8 /* Scroll_testUITests */,
			);
		};
/* End PBXProject section */

/* Begin PBXResourcesBuildPhase section */
		EFFE05D01C408E0A00D646F8 /* Resources */ = {
			isa = PBXResourcesBuildPhase;
			buildActionMask = 2147483647;
			files = (
				EFFE06151C409C8500D646F8 /* 6.jpg in Resources */,
				EFFE06131C409C8500D646F8 /* 4.jpg in Resources */,
				EFFE06141C409C8500D646F8 /* 5.jpg in Resources */,
				EFFE06161C409C8500D646F8 /* 7.jpg in Resources */,
				EFFE05E51C408E0A00D646F8 /* LaunchScreen.storyboard in Resources */,
				EFFE05E21C408E0A00D646F8 /* Assets.xcassets in Resources */,
				EFFE05E01C408E0A00D646F8 /* Main.storyboard in Resources */,
			);
			runOnlyForDeploymentPostprocessing = 0;
		};
		EFFE05E91C408E0A00D646F8 /* Resources */ = {
			isa = PBXResourcesBuildPhase;
			buildActionMask = 2147483647;
			files = (
			);
			runOnlyForDeploymentPostprocessing = 0;
		};
		EFFE05F41C408E0A00D646F8 /* Resources */ = {
			isa = PBXResourcesBuildPhase;
			buildActionMask = 2147483647;
			files = (
			);
			runOnlyForDeploymentPostprocessing = 0;
		};
/* End PBXResourcesBuildPhase section */

/* Begin PBXSourcesBuildPhase section */
		EFFE05CE1C408E0A00D646F8 /* Sources */ = {
			isa = PBXSourcesBuildPhase;
			buildActionMask = 2147483647;
			files = (
				EFFE060A1C408F3D00D646F8 /* SecondViewController.m in Sources */,
				EFFE05DD1C408E0A00D646F8 /* ViewController.m in Sources */,
				EFFE060D1C408F6500D646F8 /* DIYScrollView.m in Sources */,
				EFFE05DA1C408E0A00D646F8 /* AppDelegate.m in Sources */,
				EFFE05D71C408E0A00D646F8 /* main.m in Sources */,
			);
			runOnlyForDeploymentPostprocessing = 0;
		};
		EFFE05E71C408E0A00D646F8 /* Sources */ = {
			isa = PBXSourcesBuildPhase;
			buildActionMask = 2147483647;
			files = (
				EFFE05F01C408E0A00D646F8 /* Scroll_testTests.m in Sources */,
			);
			runOnlyForDeploymentPostprocessing = 0;
		};
		EFFE05F21C408E0A00D646F8 /* Sources */ = {
			isa = PBXSourcesBuildPhase;
			buildActionMask = 2147483647;
			files = (
				EFFE05FB1C408E0A00D646F8 /* Scroll_testUITests.m in Sources */,
			);
			runOnlyForDeploymentPostprocessing = 0;
		};
/* End PBXSourcesBuildPhase section */

/* Begin PBXTargetDependency section */
		EFFE05ED1C408E0A00D646F8 /* PBXTargetDependency */ = {
			isa = PBXTargetDependency;
			target = EFFE05D11C408E0A00D646F8 /* Scroll_test */;
			targetProxy = EFFE05EC1C408E0A00D646F8 /* PBXContainerItemProxy */;
		};
		EFFE05F81C408E0A00D646F8 /* PBXTargetDependency */ = {
			isa = PBXTargetDependency;
			target = EFFE05D11C408E0A00D646F8 /* Scroll_test */;
			targetProxy = EFFE05F71C408E0A00D646F8 /* PBXContainerItemProxy */;
		};
/* End PBXTargetDependency section */

/* Begin PBXVariantGroup section */
		EFFE05DE1C408E0A00D646F8 /* Main.storyboard */ = {
			isa = PBXVariantGroup;
			children = (
				EFFE05DF1C408E0A00D646F8 /* Base */,
			);
			name = Main.storyboard;
			sourceTree = "<group>";
		};
		EFFE05E31C408E0A00D646F8 /* LaunchScreen.storyboard */ = {
			isa = PBXVariantGroup;
			children = (
				EFFE05E41C408E0A00D646F8 /* Base */,
			);
			name = LaunchScreen.storyboard;
			sourceTree = "<group>";
		};
/* End PBXVariantGroup section */

/* Begin XCBuildConfiguration section */
		EFFE05FD1C408E0A00D646F8 /* Debug */ = {
			isa = XCBuildConfiguration;
			buildSettings = {
				ALWAYS_SEARCH_USER_PATHS = NO;
				CLANG_CXX_LANGUAGE_STANDARD = "gnu++0x";
				CLANG_CXX_LIBRARY = "libc++";
				CLANG_ENABLE_MODULES = YES;
				CLANG_ENABLE_OBJC_ARC = YES;
				CLANG_WARN_BOOL_CONVERSION = YES;
				CLANG_WARN_CONSTANT_CONVERSION = YES;
				CLANG_WARN_DIRECT_OBJC_ISA_USAGE = YES_ERROR;
				CLANG_WARN_EMPTY_BODY = YES;
				CLANG_WARN_ENUM_CONVERSION = YES;
				CLANG_WARN_INT_CONVERSION = YES;
				CLANG_WARN_OBJC_ROOT_CLASS = YES_ERROR;
				CLANG_WARN_UNREACHABLE_CODE = YES;
				CLANG_WARN__DUPLICATE_METHOD_MATCH = YES;
				"CODE_SIGN_IDENTITY[sdk=iphoneos*]" = "iPhone Developer";
				COPY_PHASE_STRIP = NO;
				DEBUG_INFORMATION_FORMAT = dwarf;
				ENABLE_STRICT_OBJC_MSGSEND = YES;
				ENABLE_TESTABILITY = YES;
				GCC_C_LANGUAGE_STANDARD = gnu99;
				GCC_DYNAMIC_NO_PIC = NO;
				GCC_NO_COMMON_BLOCKS = YES;
				GCC_OPTIMIZATION_LEVEL = 0;
				GCC_PREPROCESSOR_DEFINITIONS = (
					"DEBUG=1",
					"$(inherited)",
				);
				GCC_WARN_64_TO_32_BIT_CONVERSION = YES;
				GCC_WARN_ABOUT_RETURN_TYPE = YES_ERROR;
				GCC_WARN_UNDECLARED_SELECTOR = YES;
				GCC_WARN_UNINITIALIZED_AUTOS = YES_AGGRESSIVE;
				GCC_WARN_UNUSED_FUNCTION = YES;
				GCC_WARN_UNUSED_VARIABLE = YES;
				IPHONEOS_DEPLOYMENT_TARGET = 9.2;
				MTL_ENABLE_DEBUG_INFO = YES;
				ONLY_ACTIVE_ARCH = YES;
				SDKROOT = iphoneos;
				TARGETED_DEVICE_FAMILY = "1,2";
			};
			name = Debug;
		};
		EFFE05FE1C408E0A00D646F8 /* Release */ = {
			isa = XCBuildConfiguration;
			buildSettings = {
				ALWAYS_SEARCH_USER_PATHS = NO;
				CLANG_CXX_LANGUAGE_STANDARD = "gnu++0x";
				CLANG_CXX_LIBRARY = "libc++";
				CLANG_ENABLE_MODULES = YES;
				CLANG_ENABLE_OBJC_ARC = YES;
				CLANG_WARN_BOOL_CONVERSION = YES;
				CLANG_WARN_CONSTANT_CONVERSION = YES;
				CLANG_WARN_DIRECT_OBJC_ISA_USAGE = YES_ERROR;
				CLANG_WARN_EMPTY_BODY = YES;
				CLANG_WARN_ENUM_CONVERSION = YES;
				CLANG_WARN_INT_CONVERSION = YES;
				CLANG_WARN_OBJC_ROOT_CLASS = YES_ERROR;
				CLANG_WARN_UNREACHABLE_CODE = YES;
				CLANG_WARN__DUPLICATE_METHOD_MATCH = YES;
				"CODE_SIGN_IDENTITY[sdk=iphoneos*]" = "iPhone Developer";
				COPY_PHASE_STRIP = NO;
				DEBUG_INFORMATION_FORMAT = "dwarf-with-dsym";
				ENABLE_NS_ASSERTIONS = NO;
				ENABLE_STRICT_OBJC_MSGSEND = YES;
				GCC_C_LANGUAGE_STANDARD = gnu99;
				GCC_NO_COMMON_BLOCKS = YES;
				GCC_WARN_64_TO_32_BIT_CONVERSION = YES;
				GCC_WARN_ABOUT_RETURN_TYPE = YES_ERROR;
				GCC_WARN_UNDECLARED_SELECTOR = YES;
				GCC_WARN_UNINITIALIZED_AUTOS = YES_AGGRESSIVE;
				GCC_WARN_UNUSED_FUNCTION = YES;
				GCC_WARN_UNUSED_VARIABLE = YES;
				IPHONEOS_DEPLOYMENT_TARGET = 9.2;
				MTL_ENABLE_DEBUG_INFO = NO;
				SDKROOT = iphoneos;
				TARGETED_DEVICE_FAMILY = "1,2";
				VALIDATE_PRODUCT = YES;
			};
			name = Release;
		};
		EFFE06001C408E0A00D646F8 /* Debug */ = {
			isa = XCBuildConfiguration;
			buildSettings = {
				ASSETCATALOG_COMPILER_APPICON_NAME = AppIcon;
				CODE_SIGN_IDENTITY = "iPhone Developer";
				"CODE_SIGN_IDENTITY[sdk=iphoneos*]" = "iPhone Developer";
				INFOPLIST_FILE = Scroll_test/Info.plist;
				LD_RUNPATH_SEARCH_PATHS = "$(inherited) @executable_path/Frameworks";
				PRODUCT_BUNDLE_IDENTIFIER = wangiang;
				PRODUCT_NAME = "$(TARGET_NAME)";
				PROVISIONING_PROFILE = "";
			};
			name = Debug;
		};
		EFFE06011C408E0A00D646F8 /* Release */ = {
			isa = XCBuildConfiguration;
			buildSettings = {
				ASSETCATALOG_COMPILER_APPICON_NAME = AppIcon;
				CODE_SIGN_IDENTITY = "iPhone Developer";
				"CODE_SIGN_IDENTITY[sdk=iphoneos*]" = "iPhone Developer";
				INFOPLIST_FILE = Scroll_test/Info.plist;
				LD_RUNPATH_SEARCH_PATHS = "$(inherited) @executable_path/Frameworks";
				PRODUCT_BUNDLE_IDENTIFIER = wangiang;
				PRODUCT_NAME = "$(TARGET_NAME)";
				PROVISIONING_PROFILE = "";
			};
			name = Release;
		};
		EFFE06031C408E0A00D646F8 /* Debug */ = {
			isa = XCBuildConfiguration;
			buildSettings = {
				BUNDLE_LOADER = "$(TEST_HOST)";
				INFOPLIST_FILE = Scroll_testTests/Info.plist;
				LD_RUNPATH_SEARCH_PATHS = "$(inherited) @executable_path/Frameworks @loader_path/Frameworks";
				PRODUCT_BUNDLE_IDENTIFIER = "com.wangliang.Scroll-testTests";
				PRODUCT_NAME = "$(TARGET_NAME)";
				TEST_HOST = "$(BUILT_PRODUCTS_DIR)/Scroll_test.app/Scroll_test";
			};
			name = Debug;
		};
		EFFE06041C408E0A00D646F8 /* Release */ = {
			isa = XCBuildConfiguration;
			buildSettings = {
				BUNDLE_LOADER = "$(TEST_HOST)";
				INFOPLIST_FILE = Scroll_testTests/Info.plist;
				LD_RUNPATH_SEARCH_PATHS = "$(inherited) @executable_path/Frameworks @loader_path/Frameworks";
				PRODUCT_BUNDLE_IDENTIFIER = "com.wangliang.Scroll-testTests";
				PRODUCT_NAME = "$(TARGET_NAME)";
				TEST_HOST = "$(BUILT_PRODUCTS_DIR)/Scroll_test.app/Scroll_test";
			};
			name = Release;
		};
		EFFE06061C408E0A00D646F8 /* Debug */ = {
			isa = XCBuildConfiguration;
			buildSettings = {
				INFOPLIST_FILE = Scroll_testUITests/Info.plist;
				LD_RUNPATH_SEARCH_PATHS = "$(inherited) @executable_path/Frameworks @loader_path/Frameworks";
				PRODUCT_BUNDLE_IDENTIFIER = "com.wangliang.Scroll-testUITests";
				PRODUCT_NAME = "$(TARGET_NAME)";
				TEST_TARGET_NAME = Scroll_test;
				USES_XCTRUNNER = YES;
			};
			name = Debug;
		};
		EFFE06071C408E0A00D646F8 /* Release */ = {
			isa = XCBuildConfiguration;
			buildSettings = {
				INFOPLIST_FILE = Scroll_testUITests/Info.plist;
				LD_RUNPATH_SEARCH_PATHS = "$(inherited) @executable_path/Frameworks @loader_path/Frameworks";
				PRODUCT_BUNDLE_IDENTIFIER = "com.wangliang.Scroll-testUITests";
				PRODUCT_NAME = "$(TARGET_NAME)";
				TEST_TARGET_NAME = Scroll_test;
				USES_XCTRUNNER = YES;
			};
			name = Release;
		};
/* End XCBuildConfiguration section */

/* Begin XCConfigurationList section */
		EFFE05CD1C408E0A00D646F8 /* Build configuration list for PBXProject "Scroll_test" */ = {
			isa = XCConfigurationList;
			buildConfigurations = (
				EFFE05FD1C408E0A00D646F8 /* Debug */,
				EFFE05FE1C408E0A00D646F8 /* Release */,
			);
			defaultConfigurationIsVisible = 0;
			defaultConfigurationName = Release;
		};
		EFFE05FF1C408E0A00D646F8 /* Build configuration list for PBXNativeTarget "Scroll_test" */ = {
			isa = XCConfigurationList;
			buildConfigurations = (
				EFFE06001C408E0A00D646F8 /* Debug */,
				EFFE06011C408E0A00D646F8 /* Release */,
			);
			defaultConfigurationIsVisible = 0;
		};
		EFFE06021C408E0A00D646F8 /* Build configuration list for PBXNativeTarget "Scroll_testTests" */ = {
			isa = XCConfigurationList;
			buildConfigurations = (
				EFFE06031C408E0A00D646F8 /* Debug */,
				EFFE06041C408E0A00D646F8 /* Release */,
			);
			defaultConfigurationIsVisible = 0;
		};
		EFFE06051C408E0A00D646F8 /* Build configuration list for PBXNativeTarget "Scroll_testUITests" */ = {
			isa = XCConfigurationList;
			buildConfigurations = (
				EFFE06061C408E0A00D646F8 /* Debug */,
				EFFE06071C408E0A00D646F8 /* Release */,
			);
			defaultConfigurationIsVisible = 0;
		};
/* End XCConfigurationList section */
	};
	rootObject = EFFE05CA1C408E0A00D646F8 /* Project object */;
}
